
Microsoft Visual Studio Solution File, Format Version 12.00
# Visual Studio Version 17
VisualStudioVersion = 17.0.31912.275
MinimumVisualStudioVersion = 10.0.40219.1
Project("{FAE04EC0-301F-11D3-BF4B-00C04F79EFBC}") = "Auto QA", "Auto QA\Auto QA.csproj", "{2C37E00E-7D16-4F42-AC8F-019E1B424894}"
EndProject
Global
	GlobalSection(SolutionConfigurationPlatforms) = preSolution
		Debug|Any CPU = Debug|Any CPU
		Release|Any CPU = Release|Any CPU
	EndGlobalSection
	GlobalSection(ProjectConfigurationPlatforms) = postSolution
		{2C37E00E-7D16-4F42-AC8F-019E1B424894}.Debug|Any CPU.ActiveCfg = Debug|Any CPU
		{2C37E00E-7D16-4F42-AC8F-019E1B424894}.Debug|Any CPU.Build.0 = Debug|Any CPU
		{2C37E00E-7D16-4F42-AC8F-019E1B424894}.Release|Any CPU.ActiveCfg = Release|Any CPU
		{2C37E00E-7D16-4F42-AC8F-019E1B424894}.Release|Any CPU.Build.0 = Release|Any CPU
	EndGlobalSection
	GlobalSection(SolutionProperties) = preSolution
		HideSolutionNode = FALSE
	EndGlobalSection
	GlobalSection(ExtensibilityGlobals) = postSolution
		SolutionGuid = {F3B64AD4-77C2-40B7-AC40-29D6C2D0ACF2}
	EndGlobalSection
EndGlobal
